{
  "name": "side-layout",
  "version": "0.1.0",
  "lockfileVersion": 2,
  "requires": true,
  "packages": {
    "": {
      "name": "side-layout",
      "version": "0.1.0",
      "dependencies": {
        "typescript": "^4.7.4"
      }
    },
    "../../packages/optsol-react": {
      "name": "@optsol/react",
      "version": "2.0.0",
      "extraneous": true,
      "license": "ISC",
      "dependencies": {
        "@emotion/react": "^11.10.4",
        "@emotion/styled": "^11.10.4",
        "@mdi/js": "^7.0.96",
        "@mui/lab": "^5.0.0-alpha.69",
        "color": "^4.2.3",
        "react-draggable": "^4.4.4",
        "react-dropzone": "^11.4.2",
        "react-select": "^5.2.1",
        "react-table": "^7.8.0"
      },
      "devDependencies": {
        "@mui/types": "^7.1.0",
        "@types/color": "^3.0.3",
        "@types/react-router-dom": "^5.3.3",
        "@types/react-table": "^7.7.12",
        "@types/styled-components": "^5.1.26",
        "@typescript-eslint/eslint-plugin": "^5.40.0",
        "@typescript-eslint/parser": "^5.40.0",
        "eslint": "^8.25.0",
        "eslint-config-airbnb": "^19.0.4",
        "eslint-config-prettier": "^8.5.0",
        "eslint-config-standard-with-typescript": "^23.0.0",
        "eslint-plugin-import": "^2.26.0",
        "eslint-plugin-jsx-a11y": "^6.6.1",
        "eslint-plugin-n": "^15.3.0",
        "eslint-plugin-promise": "^6.1.0",
        "eslint-plugin-react": "^7.31.10",
        "eslint-plugin-react-hooks": "^4.6.0",
        "eslint-plugin-security": "^1.5.0",
        "rollup": "^2.60.0",
        "rollup-plugin-typescript2": "^0.30.0",
        "typescript": "^4.8.4"
      },
      "peerDependencies": {
        "@mdi/js": "^7.0.96",
        "@mdi/react": "^1.6.1",
        "@mui/material": "^5.10.3",
        "react": "^18.2.0",
        "react-dom": "^18.2.0",
        "react-router-dom": "^6.4.2",
        "styled-components": "^5.3.6"
      }
    },
    "node_modules/typescript": {
      "version": "4.8.4",
      "resolved": "https://registry.npmjs.org/typescript/-/typescript-4.8.4.tgz",
      "integrity": "sha512-QCh+85mCy+h0IGff8r5XWzOVSbBO+KfeYrMQh7NJ58QujwcE22u+NUSmUxqF+un70P9GXKxa2HCNiTTMJknyjQ==",
      "bin": {
        "tsc": "bin/tsc",
        "tsserver": "bin/tsserver"
      },
      "engines": {
        "node": ">=4.2.0"
      }
    }
  },
  "dependencies": {
    "typescript": {
      "version": "4.8.4",
      "resolved": "https://registry.npmjs.org/typescript/-/typescript-4.8.4.tgz",
      "integrity": "sha512-QCh+85mCy+h0IGff8r5XWzOVSbBO+KfeYrMQh7NJ58QujwcE22u+NUSmUxqF+un70P9GXKxa2HCNiTTMJknyjQ=="
    }
  }
}
